
Microsoft Visual Studio Solution File, Format Version 12.00
# Visual Studio Version 17
VisualStudioVersion = 17.5.33516.290
MinimumVisualStudioVersion = 10.0.40219.1
Project("{FAE04EC0-301F-11D3-BF4B-00C04F79EFBC}") = "FileAnalyzer", "FileAnalyzer\FileAnalyzer.csproj", "{F7E84F85-4BB1-4465-BE13-58DAB33B33F7}"
EndProject
Global
	GlobalSection(SolutionConfigurationPlatforms) = preSolution
		Debug|Any CPU = Debug|Any CPU
		Release|Any CPU = Release|Any CPU
	EndGlobalSection
	GlobalSection(ProjectConfigurationPlatforms) = postSolution
		{F7E84F85-4BB1-4465-BE13-58DAB33B33F7}.Debug|Any CPU.ActiveCfg = Debug|Any CPU
		{F7E84F85-4BB1-4465-BE13-58DAB33B33F7}.Debug|Any CPU.Build.0 = Debug|Any CPU
		{F7E84F85-4BB1-4465-BE13-58DAB33B33F7}.Release|Any CPU.ActiveCfg = Release|Any CPU
		{F7E84F85-4BB1-4465-BE13-58DAB33B33F7}.Release|Any CPU.Build.0 = Release|Any CPU
	EndGlobalSection
	GlobalSection(SolutionProperties) = preSolution
		HideSolutionNode = FALSE
	EndGlobalSection
	GlobalSection(ExtensibilityGlobals) = postSolution
		SolutionGuid = {4D949BF7-0FEB-45C2-A7EC-3C2B3EAB64EA}
	EndGlobalSection
EndGlobal
